# This file was autogenerated by Stack.
# You should not edit this file by hand.
# For more information, please see the documentation at:
#   https://docs.haskellstack.org/en/stable/lock_files

packages: []
snapshots:
- completed:
    size: 533430
    url: https://raw.githubusercontent.com/commercialhaskell/stackage-snapshots/master/nightly/2020/9/28.yaml
    sha256: 200f8e6ca5bfd9bf4b8dc6b123669b3c6fa54208b92cbd6934a2199baa58138a
  original: nightly-2020-09-28
